
Microsoft Visual Studio Solution File, Format Version 12.00
# Visual Studio Version 17
VisualStudioVersion = 17.7.34031.279
MinimumVisualStudioVersion = 10.0.40219.1
Project("{8BC9CEB8-8B4A-11D0-8D11-00A0C91BC942}") = "Common", "Common\Common.vcxproj", "{AADC2179-EA06-4864-9878-592E377E0762}"
EndProject
Project("{8BC9CEB8-8B4A-11D0-8D11-00A0C91BC942}") = "Initailization", "Initailization\Initailization.vcxproj", "{076B2F41-9161-47DE-88D2-0518180D8945}"
EndProject
Project("{8BC9CEB8-8B4A-11D0-8D11-00A0C91BC942}") = "Drawing", "Drawing\Drawing.vcxproj", "{54A4C2CC-7818-4748-8EC4-F80ECABB65F9}"
EndProject
Project("{8BC9CEB8-8B4A-11D0-8D11-00A0C91BC942}") = "Lighting", "Lighting\Lighting.vcxproj", "{ADBBA079-8E5D-46E4-84EF-BAC2FA69DB0B}"
EndProject
Project("{8BC9CEB8-8B4A-11D0-8D11-00A0C91BC942}") = "Texturing", "Texturing\Texturing.vcxproj", "{7D519A23-63C2-4522-9A37-3A5BC38217E3}"
EndProject
Project("{8BC9CEB8-8B4A-11D0-8D11-00A0C91BC942}") = "Blending", "Blending\Blending.vcxproj", "{E02C5C04-C76A-46BA-AF6F-A3FD936AB73A}"
EndProject
Project("{8BC9CEB8-8B4A-11D0-8D11-00A0C91BC942}") = "Stenciling", "Stenciling\Stenciling.vcxproj", "{D8FFF131-7AB2-4C4E-A493-FE52CBE7A50B}"
EndProject
Project("{8BC9CEB8-8B4A-11D0-8D11-00A0C91BC942}") = "GeometryShader", "GeometryShader\GeometryShader.vcxproj", "{6928C948-3FC4-4C94-9FC9-A389871FDD81}"
EndProject
Project("{8BC9CEB8-8B4A-11D0-8D11-00A0C91BC942}") = "ComputeShader", "ComputeShader\ComputeShader.vcxproj", "{AB6C0728-F72E-4FB6-ACFE-C59299851106}"
EndProject
Project("{8BC9CEB8-8B4A-11D0-8D11-00A0C91BC942}") = "ComputeShaderBlur", "ComputeShaderBlur\ComputeShaderBlur.vcxproj", "{2DFFB082-2108-401C-91DA-77E275FC064F}"
EndProject
Project("{8BC9CEB8-8B4A-11D0-8D11-00A0C91BC942}") = "Tessellation", "Tessellation\Tessellation.vcxproj", "{7854576F-39B2-4211-AE26-3282CABA9CE5}"
EndProject
Project("{8BC9CEB8-8B4A-11D0-8D11-00A0C91BC942}") = "Camera", "Camera\Camera.vcxproj", "{57529684-470C-49E2-A4CE-19B4667830F6}"
EndProject
Project("{8BC9CEB8-8B4A-11D0-8D11-00A0C91BC942}") = "InstancingAndCulling", "InstancingAndCulling\InstancingAndCulling.vcxproj", "{E3B33149-20E9-4DEA-8C5E-24F1F142AF67}"
EndProject
Project("{8BC9CEB8-8B4A-11D0-8D11-00A0C91BC942}") = "Picking", "Picking\Picking.vcxproj", "{8D48C1CA-B9BB-4951-ADEC-DC4992BCC413}"
EndProject
Project("{8BC9CEB8-8B4A-11D0-8D11-00A0C91BC942}") = "CubeMap", "CubeMap\CubeMap.vcxproj", "{D2E2A28F-60C2-4F6F-B9D6-ED30E89C8C75}"
EndProject
Project("{8BC9CEB8-8B4A-11D0-8D11-00A0C91BC942}") = "DynamicCubeMap", "DynamicCubeMap\DynamicCubeMap.vcxproj", "{6FDB23CB-FD20-4FC2-B17F-A9A6F7A21A2F}"
EndProject
Project("{8BC9CEB8-8B4A-11D0-8D11-00A0C91BC942}") = "NormalDisplacementMap", "NormalDisplacementMap\NormalDisplacementMap.vcxproj", "{28993E82-C67E-400E-902C-79BB6EC16A57}"
EndProject
Project("{8BC9CEB8-8B4A-11D0-8D11-00A0C91BC942}") = "Terrain", "Terrain\Terrain.vcxproj", "{D34282C1-AD6E-42E2-BBA8-801D96455DD4}"
EndProject
Project("{8BC9CEB8-8B4A-11D0-8D11-00A0C91BC942}") = "ParticleSystem", "ParticleSystem\ParticleSystem.vcxproj", "{1B6CE773-3CF8-4E20-AB05-53490F846DD7}"
EndProject
Project("{8BC9CEB8-8B4A-11D0-8D11-00A0C91BC942}") = "Shadows", "Shadows\Shadows.vcxproj", "{3326DDA5-8563-43D5-B947-749250656BDF}"
EndProject
Project("{8BC9CEB8-8B4A-11D0-8D11-00A0C91BC942}") = "AmbientOcclusion", "AmbientOcclusion\AmbientOcclusion.vcxproj", "{3937933D-8C32-4700-8A28-C8670F9982B6}"
EndProject
Project("{8BC9CEB8-8B4A-11D0-8D11-00A0C91BC942}") = "SSAO", "SSAO\SSAO.vcxproj", "{639D264C-1F78-429E-BE9F-869A7FB7C060}"
EndProject
Project("{8BC9CEB8-8B4A-11D0-8D11-00A0C91BC942}") = "FrustumCulling", "FrustumCulling\FrustumCulling.vcxproj", "{270B6900-64B7-4E51-AF32-3A1B82240FCC}"
EndProject
Project("{8BC9CEB8-8B4A-11D0-8D11-00A0C91BC942}") = "PBR", "PBR\PBR.vcxproj", "{DEFA73C3-7BA2-4274-8DAD-BBA28D46E24D}"
EndProject
Project("{8BC9CEB8-8B4A-11D0-8D11-00A0C91BC942}") = "ResourceManager", "ResourceManager\ResourceManager.vcxproj", "{7DAE3EE5-55E9-47CD-BBE4-3E88231C922A}"
EndProject
Global
	GlobalSection(SolutionConfigurationPlatforms) = preSolution
		Debug|x64 = Debug|x64
		Debug|x86 = Debug|x86
		Release|x64 = Release|x64
		Release|x86 = Release|x86
	EndGlobalSection
	GlobalSection(ProjectConfigurationPlatforms) = postSolution
		{AADC2179-EA06-4864-9878-592E377E0762}.Debug|x64.ActiveCfg = Debug|x64
		{AADC2179-EA06-4864-9878-592E377E0762}.Debug|x64.Build.0 = Debug|x64
		{AADC2179-EA06-4864-9878-592E377E0762}.Debug|x86.ActiveCfg = Debug|Win32
		{AADC2179-EA06-4864-9878-592E377E0762}.Debug|x86.Build.0 = Debug|Win32
		{AADC2179-EA06-4864-9878-592E377E0762}.Release|x64.ActiveCfg = Release|x64
		{AADC2179-EA06-4864-9878-592E377E0762}.Release|x64.Build.0 = Release|x64
		{AADC2179-EA06-4864-9878-592E377E0762}.Release|x86.ActiveCfg = Release|Win32
		{AADC2179-EA06-4864-9878-592E377E0762}.Release|x86.Build.0 = Release|Win32
		{076B2F41-9161-47DE-88D2-0518180D8945}.Debug|x64.ActiveCfg = Debug|x64
		{076B2F41-9161-47DE-88D2-0518180D8945}.Debug|x64.Build.0 = Debug|x64
		{076B2F41-9161-47DE-88D2-0518180D8945}.Debug|x86.ActiveCfg = Debug|Win32
		{076B2F41-9161-47DE-88D2-0518180D8945}.Debug|x86.Build.0 = Debug|Win32
		{076B2F41-9161-47DE-88D2-0518180D8945}.Release|x64.ActiveCfg = Release|x64
		{076B2F41-9161-47DE-88D2-0518180D8945}.Release|x64.Build.0 = Release|x64
		{076B2F41-9161-47DE-88D2-0518180D8945}.Release|x86.ActiveCfg = Release|Win32
		{076B2F41-9161-47DE-88D2-0518180D8945}.Release|x86.Build.0 = Release|Win32
		{54A4C2CC-7818-4748-8EC4-F80ECABB65F9}.Debug|x64.ActiveCfg = Debug|x64
		{54A4C2CC-7818-4748-8EC4-F80ECABB65F9}.Debug|x64.Build.0 = Debug|x64
		{54A4C2CC-7818-4748-8EC4-F80ECABB65F9}.Debug|x86.ActiveCfg = Debug|Win32
		{54A4C2CC-7818-4748-8EC4-F80ECABB65F9}.Debug|x86.Build.0 = Debug|Win32
		{54A4C2CC-7818-4748-8EC4-F80ECABB65F9}.Release|x64.ActiveCfg = Release|x64
		{54A4C2CC-7818-4748-8EC4-F80ECABB65F9}.Release|x64.Build.0 = Release|x64
		{54A4C2CC-7818-4748-8EC4-F80ECABB65F9}.Release|x86.ActiveCfg = Release|Win32
		{54A4C2CC-7818-4748-8EC4-F80ECABB65F9}.Release|x86.Build.0 = Release|Win32
		{ADBBA079-8E5D-46E4-84EF-BAC2FA69DB0B}.Debug|x64.ActiveCfg = Debug|x64
		{ADBBA079-8E5D-46E4-84EF-BAC2FA69DB0B}.Debug|x64.Build.0 = Debug|x64
		{ADBBA079-8E5D-46E4-84EF-BAC2FA69DB0B}.Debug|x86.ActiveCfg = Debug|Win32
		{ADBBA079-8E5D-46E4-84EF-BAC2FA69DB0B}.Debug|x86.Build.0 = Debug|Win32
		{ADBBA079-8E5D-46E4-84EF-BAC2FA69DB0B}.Release|x64.ActiveCfg = Release|x64
		{ADBBA079-8E5D-46E4-84EF-BAC2FA69DB0B}.Release|x64.Build.0 = Release|x64
		{ADBBA079-8E5D-46E4-84EF-BAC2FA69DB0B}.Release|x86.ActiveCfg = Release|Win32
		{ADBBA079-8E5D-46E4-84EF-BAC2FA69DB0B}.Release|x86.Build.0 = Release|Win32
		{7D519A23-63C2-4522-9A37-3A5BC38217E3}.Debug|x64.ActiveCfg = Debug|x64
		{7D519A23-63C2-4522-9A37-3A5BC38217E3}.Debug|x64.Build.0 = Debug|x64
		{7D519A23-63C2-4522-9A37-3A5BC38217E3}.Debug|x86.ActiveCfg = Debug|Win32
		{7D519A23-63C2-4522-9A37-3A5BC38217E3}.Debug|x86.Build.0 = Debug|Win32
		{7D519A23-63C2-4522-9A37-3A5BC38217E3}.Release|x64.ActiveCfg = Release|x64
		{7D519A23-63C2-4522-9A37-3A5BC38217E3}.Release|x64.Build.0 = Release|x64
		{7D519A23-63C2-4522-9A37-3A5BC38217E3}.Release|x86.ActiveCfg = Release|Win32
		{7D519A23-63C2-4522-9A37-3A5BC38217E3}.Release|x86.Build.0 = Release|Win32
		{E02C5C04-C76A-46BA-AF6F-A3FD936AB73A}.Debug|x64.ActiveCfg = Debug|x64
		{E02C5C04-C76A-46BA-AF6F-A3FD936AB73A}.Debug|x64.Build.0 = Debug|x64
		{E02C5C04-C76A-46BA-AF6F-A3FD936AB73A}.Debug|x86.ActiveCfg = Debug|Win32
		{E02C5C04-C76A-46BA-AF6F-A3FD936AB73A}.Debug|x86.Build.0 = Debug|Win32
		{E02C5C04-C76A-46BA-AF6F-A3FD936AB73A}.Release|x64.ActiveCfg = Release|x64
		{E02C5C04-C76A-46BA-AF6F-A3FD936AB73A}.Release|x64.Build.0 = Release|x64
		{E02C5C04-C76A-46BA-AF6F-A3FD936AB73A}.Release|x86.ActiveCfg = Release|Win32
		{E02C5C04-C76A-46BA-AF6F-A3FD936AB73A}.Release|x86.Build.0 = Release|Win32
		{D8FFF131-7AB2-4C4E-A493-FE52CBE7A50B}.Debug|x64.ActiveCfg = Debug|x64
		{D8FFF131-7AB2-4C4E-A493-FE52CBE7A50B}.Debug|x64.Build.0 = Debug|x64
		{D8FFF131-7AB2-4C4E-A493-FE52CBE7A50B}.Debug|x86.ActiveCfg = Debug|Win32
		{D8FFF131-7AB2-4C4E-A493-FE52CBE7A50B}.Debug|x86.Build.0 = Debug|Win32
		{D8FFF131-7AB2-4C4E-A493-FE52CBE7A50B}.Release|x64.ActiveCfg = Release|x64
		{D8FFF131-7AB2-4C4E-A493-FE52CBE7A50B}.Release|x64.Build.0 = Release|x64
		{D8FFF131-7AB2-4C4E-A493-FE52CBE7A50B}.Release|x86.ActiveCfg = Release|Win32
		{D8FFF131-7AB2-4C4E-A493-FE52CBE7A50B}.Release|x86.Build.0 = Release|Win32
		{6928C948-3FC4-4C94-9FC9-A389871FDD81}.Debug|x64.ActiveCfg = Debug|x64
		{6928C948-3FC4-4C94-9FC9-A389871FDD81}.Debug|x64.Build.0 = Debug|x64
		{6928C948-3FC4-4C94-9FC9-A389871FDD81}.Debug|x86.ActiveCfg = Debug|Win32
		{6928C948-3FC4-4C94-9FC9-A389871FDD81}.Debug|x86.Build.0 = Debug|Win32
		{6928C948-3FC4-4C94-9FC9-A389871FDD81}.Release|x64.ActiveCfg = Release|x64
		{6928C948-3FC4-4C94-9FC9-A389871FDD81}.Release|x64.Build.0 = Release|x64
		{6928C948-3FC4-4C94-9FC9-A389871FDD81}.Release|x86.ActiveCfg = Release|Win32
		{6928C948-3FC4-4C94-9FC9-A389871FDD81}.Release|x86.Build.0 = Release|Win32
		{AB6C0728-F72E-4FB6-ACFE-C59299851106}.Debug|x64.ActiveCfg = Debug|x64
		{AB6C0728-F72E-4FB6-ACFE-C59299851106}.Debug|x64.Build.0 = Debug|x64
		{AB6C0728-F72E-4FB6-ACFE-C59299851106}.Debug|x86.ActiveCfg = Debug|Win32
		{AB6C0728-F72E-4FB6-ACFE-C59299851106}.Debug|x86.Build.0 = Debug|Win32
		{AB6C0728-F72E-4FB6-ACFE-C59299851106}.Release|x64.ActiveCfg = Release|x64
		{AB6C0728-F72E-4FB6-ACFE-C59299851106}.Release|x64.Build.0 = Release|x64
		{AB6C0728-F72E-4FB6-ACFE-C59299851106}.Release|x86.ActiveCfg = Release|Win32
		{AB6C0728-F72E-4FB6-ACFE-C59299851106}.Release|x86.Build.0 = Release|Win32
		{2DFFB082-2108-401C-91DA-77E275FC064F}.Debug|x64.ActiveCfg = Debug|x64
		{2DFFB082-2108-401C-91DA-77E275FC064F}.Debug|x64.Build.0 = Debug|x64
		{2DFFB082-2108-401C-91DA-77E275FC064F}.Debug|x86.ActiveCfg = Debug|Win32
		{2DFFB082-2108-401C-91DA-77E275FC064F}.Debug|x86.Build.0 = Debug|Win32
		{2DFFB082-2108-401C-91DA-77E275FC064F}.Release|x64.ActiveCfg = Release|x64
		{2DFFB082-2108-401C-91DA-77E275FC064F}.Release|x64.Build.0 = Release|x64
		{2DFFB082-2108-401C-91DA-77E275FC064F}.Release|x86.ActiveCfg = Release|Win32
		{2DFFB082-2108-401C-91DA-77E275FC064F}.Release|x86.Build.0 = Release|Win32
		{7854576F-39B2-4211-AE26-3282CABA9CE5}.Debug|x64.ActiveCfg = Debug|x64
		{7854576F-39B2-4211-AE26-3282CABA9CE5}.Debug|x64.Build.0 = Debug|x64
		{7854576F-39B2-4211-AE26-3282CABA9CE5}.Debug|x86.ActiveCfg = Debug|Win32
		{7854576F-39B2-4211-AE26-3282CABA9CE5}.Debug|x86.Build.0 = Debug|Win32
		{7854576F-39B2-4211-AE26-3282CABA9CE5}.Release|x64.ActiveCfg = Release|x64
		{7854576F-39B2-4211-AE26-3282CABA9CE5}.Release|x64.Build.0 = Release|x64
		{7854576F-39B2-4211-AE26-3282CABA9CE5}.Release|x86.ActiveCfg = Release|Win32
		{7854576F-39B2-4211-AE26-3282CABA9CE5}.Release|x86.Build.0 = Release|Win32
		{57529684-470C-49E2-A4CE-19B4667830F6}.Debug|x64.ActiveCfg = Debug|x64
		{57529684-470C-49E2-A4CE-19B4667830F6}.Debug|x64.Build.0 = Debug|x64
		{57529684-470C-49E2-A4CE-19B4667830F6}.Debug|x86.ActiveCfg = Debug|Win32
		{57529684-470C-49E2-A4CE-19B4667830F6}.Debug|x86.Build.0 = Debug|Win32
		{57529684-470C-49E2-A4CE-19B4667830F6}.Release|x64.ActiveCfg = Release|x64
		{57529684-470C-49E2-A4CE-19B4667830F6}.Release|x64.Build.0 = Release|x64
		{57529684-470C-49E2-A4CE-19B4667830F6}.Release|x86.ActiveCfg = Release|Win32
		{57529684-470C-49E2-A4CE-19B4667830F6}.Release|x86.Build.0 = Release|Win32
		{E3B33149-20E9-4DEA-8C5E-24F1F142AF67}.Debug|x64.ActiveCfg = Debug|x64
		{E3B33149-20E9-4DEA-8C5E-24F1F142AF67}.Debug|x64.Build.0 = Debug|x64
		{E3B33149-20E9-4DEA-8C5E-24F1F142AF67}.Debug|x86.ActiveCfg = Debug|Win32
		{E3B33149-20E9-4DEA-8C5E-24F1F142AF67}.Debug|x86.Build.0 = Debug|Win32
		{E3B33149-20E9-4DEA-8C5E-24F1F142AF67}.Release|x64.ActiveCfg = Release|x64
		{E3B33149-20E9-4DEA-8C5E-24F1F142AF67}.Release|x64.Build.0 = Release|x64
		{E3B33149-20E9-4DEA-8C5E-24F1F142AF67}.Release|x86.ActiveCfg = Release|Win32
		{E3B33149-20E9-4DEA-8C5E-24F1F142AF67}.Release|x86.Build.0 = Release|Win32
		{8D48C1CA-B9BB-4951-ADEC-DC4992BCC413}.Debug|x64.ActiveCfg = Debug|x64
		{8D48C1CA-B9BB-4951-ADEC-DC4992BCC413}.Debug|x64.Build.0 = Debug|x64
		{8D48C1CA-B9BB-4951-ADEC-DC4992BCC413}.Debug|x86.ActiveCfg = Debug|Win32
		{8D48C1CA-B9BB-4951-ADEC-DC4992BCC413}.Debug|x86.Build.0 = Debug|Win32
		{8D48C1CA-B9BB-4951-ADEC-DC4992BCC413}.Release|x64.ActiveCfg = Release|x64
		{8D48C1CA-B9BB-4951-ADEC-DC4992BCC413}.Release|x64.Build.0 = Release|x64
		{8D48C1CA-B9BB-4951-ADEC-DC4992BCC413}.Release|x86.ActiveCfg = Release|Win32
		{8D48C1CA-B9BB-4951-ADEC-DC4992BCC413}.Release|x86.Build.0 = Release|Win32
		{D2E2A28F-60C2-4F6F-B9D6-ED30E89C8C75}.Debug|x64.ActiveCfg = Debug|x64
		{D2E2A28F-60C2-4F6F-B9D6-ED30E89C8C75}.Debug|x64.Build.0 = Debug|x64
		{D2E2A28F-60C2-4F6F-B9D6-ED30E89C8C75}.Debug|x86.ActiveCfg = Debug|Win32
		{D2E2A28F-60C2-4F6F-B9D6-ED30E89C8C75}.Debug|x86.Build.0 = Debug|Win32
		{D2E2A28F-60C2-4F6F-B9D6-ED30E89C8C75}.Release|x64.ActiveCfg = Release|x64
		{D2E2A28F-60C2-4F6F-B9D6-ED30E89C8C75}.Release|x64.Build.0 = Release|x64
		{D2E2A28F-60C2-4F6F-B9D6-ED30E89C8C75}.Release|x86.ActiveCfg = Release|Win32
		{D2E2A28F-60C2-4F6F-B9D6-ED30E89C8C75}.Release|x86.Build.0 = Release|Win32
		{6FDB23CB-FD20-4FC2-B17F-A9A6F7A21A2F}.Debug|x64.ActiveCfg = Debug|x64
		{6FDB23CB-FD20-4FC2-B17F-A9A6F7A21A2F}.Debug|x64.Build.0 = Debug|x64
		{6FDB23CB-FD20-4FC2-B17F-A9A6F7A21A2F}.Debug|x86.ActiveCfg = Debug|Win32
		{6FDB23CB-FD20-4FC2-B17F-A9A6F7A21A2F}.Debug|x86.Build.0 = Debug|Win32
		{6FDB23CB-FD20-4FC2-B17F-A9A6F7A21A2F}.Release|x64.ActiveCfg = Release|x64
		{6FDB23CB-FD20-4FC2-B17F-A9A6F7A21A2F}.Release|x64.Build.0 = Release|x64
		{6FDB23CB-FD20-4FC2-B17F-A9A6F7A21A2F}.Release|x86.ActiveCfg = Release|Win32
		{6FDB23CB-FD20-4FC2-B17F-A9A6F7A21A2F}.Release|x86.Build.0 = Release|Win32
		{28993E82-C67E-400E-902C-79BB6EC16A57}.Debug|x64.ActiveCfg = Debug|x64
		{28993E82-C67E-400E-902C-79BB6EC16A57}.Debug|x64.Build.0 = Debug|x64
		{28993E82-C67E-400E-902C-79BB6EC16A57}.Debug|x86.ActiveCfg = Debug|Win32
		{28993E82-C67E-400E-902C-79BB6EC16A57}.Debug|x86.Build.0 = Debug|Win32
		{28993E82-C67E-400E-902C-79BB6EC16A57}.Release|x64.ActiveCfg = Release|x64
		{28993E82-C67E-400E-902C-79BB6EC16A57}.Release|x64.Build.0 = Release|x64
		{28993E82-C67E-400E-902C-79BB6EC16A57}.Release|x86.ActiveCfg = Release|Win32
		{28993E82-C67E-400E-902C-79BB6EC16A57}.Release|x86.Build.0 = Release|Win32
		{D34282C1-AD6E-42E2-BBA8-801D96455DD4}.Debug|x64.ActiveCfg = Debug|x64
		{D34282C1-AD6E-42E2-BBA8-801D96455DD4}.Debug|x64.Build.0 = Debug|x64
		{D34282C1-AD6E-42E2-BBA8-801D96455DD4}.Debug|x86.ActiveCfg = Debug|Win32
		{D34282C1-AD6E-42E2-BBA8-801D96455DD4}.Debug|x86.Build.0 = Debug|Win32
		{D34282C1-AD6E-42E2-BBA8-801D96455DD4}.Release|x64.ActiveCfg = Release|x64
		{D34282C1-AD6E-42E2-BBA8-801D96455DD4}.Release|x64.Build.0 = Release|x64
		{D34282C1-AD6E-42E2-BBA8-801D96455DD4}.Release|x86.ActiveCfg = Release|Win32
		{D34282C1-AD6E-42E2-BBA8-801D96455DD4}.Release|x86.Build.0 = Release|Win32
		{1B6CE773-3CF8-4E20-AB05-53490F846DD7}.Debug|x64.ActiveCfg = Debug|x64
		{1B6CE773-3CF8-4E20-AB05-53490F846DD7}.Debug|x64.Build.0 = Debug|x64
		{1B6CE773-3CF8-4E20-AB05-53490F846DD7}.Debug|x86.ActiveCfg = Debug|Win32
		{1B6CE773-3CF8-4E20-AB05-53490F846DD7}.Debug|x86.Build.0 = Debug|Win32
		{1B6CE773-3CF8-4E20-AB05-53490F846DD7}.Release|x64.ActiveCfg = Release|x64
		{1B6CE773-3CF8-4E20-AB05-53490F846DD7}.Release|x64.Build.0 = Release|x64
		{1B6CE773-3CF8-4E20-AB05-53490F846DD7}.Release|x86.ActiveCfg = Release|Win32
		{1B6CE773-3CF8-4E20-AB05-53490F846DD7}.Release|x86.Build.0 = Release|Win32
		{3326DDA5-8563-43D5-B947-749250656BDF}.Debug|x64.ActiveCfg = Debug|x64
		{3326DDA5-8563-43D5-B947-749250656BDF}.Debug|x64.Build.0 = Debug|x64
		{3326DDA5-8563-43D5-B947-749250656BDF}.Debug|x86.ActiveCfg = Debug|Win32
		{3326DDA5-8563-43D5-B947-749250656BDF}.Debug|x86.Build.0 = Debug|Win32
		{3326DDA5-8563-43D5-B947-749250656BDF}.Release|x64.ActiveCfg = Release|x64
		{3326DDA5-8563-43D5-B947-749250656BDF}.Release|x64.Build.0 = Release|x64
		{3326DDA5-8563-43D5-B947-749250656BDF}.Release|x86.ActiveCfg = Release|Win32
		{3326DDA5-8563-43D5-B947-749250656BDF}.Release|x86.Build.0 = Release|Win32
		{3937933D-8C32-4700-8A28-C8670F9982B6}.Debug|x64.ActiveCfg = Debug|x64
		{3937933D-8C32-4700-8A28-C8670F9982B6}.Debug|x64.Build.0 = Debug|x64
		{3937933D-8C32-4700-8A28-C8670F9982B6}.Debug|x86.ActiveCfg = Debug|Win32
		{3937933D-8C32-4700-8A28-C8670F9982B6}.Debug|x86.Build.0 = Debug|Win32
		{3937933D-8C32-4700-8A28-C8670F9982B6}.Release|x64.ActiveCfg = Release|x64
		{3937933D-8C32-4700-8A28-C8670F9982B6}.Release|x64.Build.0 = Release|x64
		{3937933D-8C32-4700-8A28-C8670F9982B6}.Release|x86.ActiveCfg = Release|Win32
		{3937933D-8C32-4700-8A28-C8670F9982B6}.Release|x86.Build.0 = Release|Win32
		{639D264C-1F78-429E-BE9F-869A7FB7C060}.Debug|x64.ActiveCfg = Debug|x64
		{639D264C-1F78-429E-BE9F-869A7FB7C060}.Debug|x64.Build.0 = Debug|x64
		{639D264C-1F78-429E-BE9F-869A7FB7C060}.Debug|x86.ActiveCfg = Debug|Win32
		{639D264C-1F78-429E-BE9F-869A7FB7C060}.Debug|x86.Build.0 = Debug|Win32
		{639D264C-1F78-429E-BE9F-869A7FB7C060}.Release|x64.ActiveCfg = Release|x64
		{639D264C-1F78-429E-BE9F-869A7FB7C060}.Release|x64.Build.0 = Release|x64
		{639D264C-1F78-429E-BE9F-869A7FB7C060}.Release|x86.ActiveCfg = Release|Win32
		{639D264C-1F78-429E-BE9F-869A7FB7C060}.Release|x86.Build.0 = Release|Win32
		{270B6900-64B7-4E51-AF32-3A1B82240FCC}.Debug|x64.ActiveCfg = Debug|x64
		{270B6900-64B7-4E51-AF32-3A1B82240FCC}.Debug|x64.Build.0 = Debug|x64
		{270B6900-64B7-4E51-AF32-3A1B82240FCC}.Debug|x86.ActiveCfg = Debug|Win32
		{270B6900-64B7-4E51-AF32-3A1B82240FCC}.Debug|x86.Build.0 = Debug|Win32
		{270B6900-64B7-4E51-AF32-3A1B82240FCC}.Release|x64.ActiveCfg = Release|x64
		{270B6900-64B7-4E51-AF32-3A1B82240FCC}.Release|x64.Build.0 = Release|x64
		{270B6900-64B7-4E51-AF32-3A1B82240FCC}.Release|x86.ActiveCfg = Release|Win32
		{270B6900-64B7-4E51-AF32-3A1B82240FCC}.Release|x86.Build.0 = Release|Win32
		{DEFA73C3-7BA2-4274-8DAD-BBA28D46E24D}.Debug|x64.ActiveCfg = Debug|x64
		{DEFA73C3-7BA2-4274-8DAD-BBA28D46E24D}.Debug|x64.Build.0 = Debug|x64
		{DEFA73C3-7BA2-4274-8DAD-BBA28D46E24D}.Debug|x86.ActiveCfg = Debug|Win32
		{DEFA73C3-7BA2-4274-8DAD-BBA28D46E24D}.Debug|x86.Build.0 = Debug|Win32
		{DEFA73C3-7BA2-4274-8DAD-BBA28D46E24D}.Release|x64.ActiveCfg = Release|x64
		{DEFA73C3-7BA2-4274-8DAD-BBA28D46E24D}.Release|x64.Build.0 = Release|x64
		{DEFA73C3-7BA2-4274-8DAD-BBA28D46E24D}.Release|x86.ActiveCfg = Release|Win32
		{DEFA73C3-7BA2-4274-8DAD-BBA28D46E24D}.Release|x86.Build.0 = Release|Win32
		{7DAE3EE5-55E9-47CD-BBE4-3E88231C922A}.Debug|x64.ActiveCfg = Debug|x64
		{7DAE3EE5-55E9-47CD-BBE4-3E88231C922A}.Debug|x64.Build.0 = Debug|x64
		{7DAE3EE5-55E9-47CD-BBE4-3E88231C922A}.Debug|x86.ActiveCfg = Debug|Win32
		{7DAE3EE5-55E9-47CD-BBE4-3E88231C922A}.Debug|x86.Build.0 = Debug|Win32
		{7DAE3EE5-55E9-47CD-BBE4-3E88231C922A}.Release|x64.ActiveCfg = Release|x64
		{7DAE3EE5-55E9-47CD-BBE4-3E88231C922A}.Release|x64.Build.0 = Release|x64
		{7DAE3EE5-55E9-47CD-BBE4-3E88231C922A}.Release|x86.ActiveCfg = Release|Win32
		{7DAE3EE5-55E9-47CD-BBE4-3E88231C922A}.Release|x86.Build.0 = Release|Win32
	EndGlobalSection
	GlobalSection(SolutionProperties) = preSolution
		HideSolutionNode = FALSE
	EndGlobalSection
	GlobalSection(ExtensibilityGlobals) = postSolution
		SolutionGuid = {17D00692-8DB3-48D2-BA9D-D06492B76D8A}
	EndGlobalSection
EndGlobal
